
Microsoft Visual Studio Solution File, Format Version 12.00
# Visual Studio Version 17
VisualStudioVersion = 17.4.33103.184
MinimumVisualStudioVersion = 10.0.40219.1
Project("{FAE04EC0-301F-11D3-BF4B-00C04F79EFBC}") = "ConsoleAppML", "ConsoleAppML\ConsoleAppML.csproj", "{6E8D9993-0F7C-4D6D-8D7E-DF74BF2C4C6A}"
EndProject
Project("{FAE04EC0-301F-11D3-BF4B-00C04F79EFBC}") = "WebApplicationML", "WebApplicationML\WebApplicationML.csproj", "{6C64522C-7E57-4274-AA4B-D269B2CF56C0}"
EndProject
Global
	GlobalSection(SolutionConfigurationPlatforms) = preSolution
		Debug|Any CPU = Debug|Any CPU
		Release|Any CPU = Release|Any CPU
	EndGlobalSection
	GlobalSection(ProjectConfigurationPlatforms) = postSolution
		{6E8D9993-0F7C-4D6D-8D7E-DF74BF2C4C6A}.Debug|Any CPU.ActiveCfg = Debug|Any CPU
		{6E8D9993-0F7C-4D6D-8D7E-DF74BF2C4C6A}.Debug|Any CPU.Build.0 = Debug|Any CPU
		{6E8D9993-0F7C-4D6D-8D7E-DF74BF2C4C6A}.Release|Any CPU.ActiveCfg = Release|Any CPU
		{6E8D9993-0F7C-4D6D-8D7E-DF74BF2C4C6A}.Release|Any CPU.Build.0 = Release|Any CPU
		{6C64522C-7E57-4274-AA4B-D269B2CF56C0}.Debug|Any CPU.ActiveCfg = Debug|Any CPU
		{6C64522C-7E57-4274-AA4B-D269B2CF56C0}.Debug|Any CPU.Build.0 = Debug|Any CPU
		{6C64522C-7E57-4274-AA4B-D269B2CF56C0}.Release|Any CPU.ActiveCfg = Release|Any CPU
		{6C64522C-7E57-4274-AA4B-D269B2CF56C0}.Release|Any CPU.Build.0 = Release|Any CPU
	EndGlobalSection
	GlobalSection(SolutionProperties) = preSolution
		HideSolutionNode = FALSE
	EndGlobalSection
	GlobalSection(ExtensibilityGlobals) = postSolution
		SolutionGuid = {E573086B-2ABE-47BD-863D-ABE60536E951}
	EndGlobalSection
EndGlobal
